<?xml version="1.0" encoding="utf-8"?>
<Project ToolsVersion="4.0" xmlns="http://schemas.microsoft.com/developer/msbuild/2003">
  <ItemGroup>
    <Filter Include="源文件">
      <UniqueIdentifier>{4FC737F1-C7A5-4376-A066-2A32D752A2FF}</UniqueIdentifier>
      <Extensions>cpp;c;cc;cxx;def;odl;idl;hpj;bat;asm;asmx</Extensions>
    </Filter>
    <Filter Include="头文件">
      <UniqueIdentifier>{93995380-89BD-4b04-88EB-625FBE52EBFB}</UniqueIdentifier>
      <Extensions>h;hh;hpp;hxx;hm;inl;inc;xsd</Extensions>
    </Filter>
    <Filter Include="资源文件">
      <UniqueIdentifier>{67DA6AB6-F800-4c08-8B7A-83BB121AAD01}</UniqueIdentifier>
      <Extensions>rc;ico;cur;bmp;dlg;rc2;rct;bin;rgs;gif;jpg;jpeg;jpe;resx;tiff;tif;png;wav;mfcribbon-ms</Extensions>
    </Filter>
    <Filter Include="include">
      <UniqueIdentifier>{b2455127-34c7-485f-81e1-ad0db6e063a6}</UniqueIdentifier>
    </Filter>
    <Filter Include="Utils">
      <UniqueIdentifier>{5e6028af-cd21-4017-9502-c38dfdb7f8c9}</UniqueIdentifier>
    </Filter>
    <Filter Include="UI">
      <UniqueIdentifier>{a33ed3e6-bf9a-4959-870b-49de66e05aaf}</UniqueIdentifier>
    </Filter>
    <Filter Include="MsgDefine">
      <UniqueIdentifier>{aa1b7eff-1079-41c8-84e0-e6621998044f}</UniqueIdentifier>
    </Filter>
    <Filter Include="UI\Dialog">
      <UniqueIdentifier>{311b174f-595e-4008-88f9-16446905c889}</UniqueIdentifier>
    </Filter>
  </ItemGroup>
  <ItemGroup>
    <Text Include="ReadMe.txt" />
  </ItemGroup>
  <ItemGroup>
    <ClInclude Include="HeMusicPlayer.h">
      <Filter>头文件</Filter>
    </ClInclude>
    <ClInclude Include="HeMusicPlayerDlg.h">
      <Filter>头文件</Filter>
    </ClInclude>
    <ClInclude Include="stdafx.h">
      <Filter>头文件</Filter>
    </ClInclude>
    <ClInclude Include="targetver.h">
      <Filter>头文件</Filter>
    </ClInclude>
    <ClInclude Include="Resource.h">
      <Filter>头文件</Filter>
    </ClInclude>
    <ClInclude Include="MusicInfo.h">
      <Filter>头文件</Filter>
    </ClInclude>
    <ClInclude Include="include\libzplay.h">
      <Filter>include</Filter>
    </ClInclude>
    <ClInclude Include="Util\CommonUtil.h">
      <Filter>Utils</Filter>
    </ClInclude>
    <ClInclude Include="Util\DirectoryUtil.h">
      <Filter>Utils</Filter>
    </ClInclude>
    <ClInclude Include="Util\FileUtil.h">
      <Filter>Utils</Filter>
    </ClInclude>
    <ClInclude Include="UI\SkinButton.h">
      <Filter>UI</Filter>
    </ClInclude>
    <ClInclude Include="UI\VolumeButton.h">
      <Filter>UI</Filter>
    </ClInclude>
    <ClInclude Include="MsgDefine.h">
      <Filter>MsgDefine</Filter>
    </ClInclude>
    <ClInclude Include="UI\Label.h">
      <Filter>UI</Filter>
    </ClInclude>
    <ClInclude Include="UI\PictureCtrl.h">
      <Filter>UI</Filter>
    </ClInclude>
    <ClInclude Include="UI\StaticTime.h">
      <Filter>Utils</Filter>
    </ClInclude>
    <ClInclude Include="UI\BitmapSlider.h">
      <Filter>UI</Filter>
    </ClInclude>
    <ClInclude Include="PlayControlUI.h">
      <Filter>UI\Dialog</Filter>
    </ClInclude>
    <ClInclude Include="PlayListUI.h">
      <Filter>UI\Dialog</Filter>
    </ClInclude>
    <ClInclude Include="BalanceUI.h">
      <Filter>UI\Dialog</Filter>
    </ClInclude>
    <ClInclude Include="LyricUI.h">
      <Filter>UI\Dialog</Filter>
    </ClInclude>
  </ItemGroup>
  <ItemGroup>
    <ClCompile Include="HeMusicPlayer.cpp">
      <Filter>源文件</Filter>
    </ClCompile>
    <ClCompile Include="HeMusicPlayerDlg.cpp">
      <Filter>源文件</Filter>
    </ClCompile>
    <ClCompile Include="stdafx.cpp">
      <Filter>源文件</Filter>
    </ClCompile>
    <ClCompile Include="MusicInfo.cpp">
      <Filter>源文件</Filter>
    </ClCompile>
    <ClCompile Include="Util\CommonUtil.cpp">
      <Filter>Utils</Filter>
    </ClCompile>
    <ClCompile Include="Util\DirectoryUtil.cpp">
      <Filter>Utils</Filter>
    </ClCompile>
    <ClCompile Include="Util\FileUtil.cpp">
      <Filter>Utils</Filter>
    </ClCompile>
    <ClCompile Include="UI\SkinButton.cpp">
      <Filter>UI</Filter>
    </ClCompile>
    <ClCompile Include="UI\VolumeButton.cpp">
      <Filter>UI</Filter>
    </ClCompile>
    <ClCompile Include="UI\Label.cpp">
      <Filter>UI</Filter>
    </ClCompile>
    <ClCompile Include="UI\PictureCtrl.cpp">
      <Filter>UI</Filter>
    </ClCompile>
    <ClCompile Include="UI\StaticTime.cpp">
      <Filter>Utils</Filter>
    </ClCompile>
    <ClCompile Include="UI\BitmapSlider.cpp">
      <Filter>UI</Filter>
    </ClCompile>
    <ClCompile Include="PlayControlUI.cpp">
      <Filter>UI\Dialog</Filter>
    </ClCompile>
    <ClCompile Include="PlayListUI.cpp">
      <Filter>UI\Dialog</Filter>
    </ClCompile>
    <ClCompile Include="BalanceUI.cpp">
      <Filter>UI\Dialog</Filter>
    </ClCompile>
    <ClCompile Include="LyricUI.cpp">
      <Filter>UI\Dialog</Filter>
    </ClCompile>
  </ItemGroup>
  <ItemGroup>
    <ResourceCompile Include="HeMusicPlayer.rc">
      <Filter>资源文件</Filter>
    </ResourceCompile>
  </ItemGroup>
  <ItemGroup>
    <None Include="res\HeMusicPlayer.rc2">
      <Filter>资源文件</Filter>
    </None>
  </ItemGroup>
  <ItemGroup>
    <Image Include="res\HeMusicPlayer.ico">
      <Filter>资源文件</Filter>
    </Image>
    <Image Include="res\fastForward.ico">
      <Filter>资源文件</Filter>
    </Image>
    <Image Include="res\fastReward.ico">
      <Filter>资源文件</Filter>
    </Image>
    <Image Include="res\nextSong.ico">
      <Filter>资源文件</Filter>
    </Image>
    <Image Include="res\pause.ico">
      <Filter>资源文件</Filter>
    </Image>
    <Image Include="res\play.ico">
      <Filter>资源文件</Filter>
    </Image>
    <Image Include="res\preSong.ico">
      <Filter>资源文件</Filter>
    </Image>
    <Image Include="res\stop.ico">
      <Filter>资源文件</Filter>
    </Image>
    <Image Include="res\icon3.ico">
      <Filter>资源文件</Filter>
    </Image>
    <Image Include="res\1.bmp">
      <Filter>资源文件</Filter>
    </Image>
    <Image Include="res\progress.bmp">
      <Filter>资源文件</Filter>
    </Image>
    <Image Include="res\progress_thumb.bmp">
      <Filter>资源文件</Filter>
    </Image>
    <Image Include="res\slide_test.bmp">
      <Filter>资源文件</Filter>
    </Image>
    <Image Include="res\slidebackground_test.bmp">
      <Filter>资源文件</Filter>
    </Image>
    <Image Include="res\mp_channel.bmp">
      <Filter>资源文件</Filter>
    </Image>
    <Image Include="res\mp_channel_active.bmp">
      <Filter>资源文件</Filter>
    </Image>
    <Image Include="res\mp_thumb.bmp">
      <Filter>资源文件</Filter>
    </Image>
    <Image Include="res\mp_thumb_active.bmp">
      <Filter>资源文件</Filter>
    </Image>
  </ItemGroup>
</Project>